
Microsoft Visual Studio Solution File, Format Version 12.00
# Visual Studio Version 16
VisualStudioVersion = 16.0.29306.81
MinimumVisualStudioVersion = 10.0.40219.1
Project("{8BC9CEB8-8B4A-11D0-8D11-00A0C91BC942}") = "Swap_X_to_Y", "Swap_X_to_Y\Swap_X_to_Y.vcxproj", "{3164DD84-4F43-4DDC-B4E0-BA96BD56C82A}"
EndProject
Global
	GlobalSection(SolutionConfigurationPlatforms) = preSolution
		Debug|x64 = Debug|x64
		Debug|x86 = Debug|x86
		Release|x64 = Release|x64
		Release|x86 = Release|x86
	EndGlobalSection
	GlobalSection(ProjectConfigurationPlatforms) = postSolution
		{3164DD84-4F43-4DDC-B4E0-BA96BD56C82A}.Debug|x64.ActiveCfg = Debug|x64
		{3164DD84-4F43-4DDC-B4E0-BA96BD56C82A}.Debug|x64.Build.0 = Debug|x64
		{3164DD84-4F43-4DDC-B4E0-BA96BD56C82A}.Debug|x86.ActiveCfg = Debug|Win32
		{3164DD84-4F43-4DDC-B4E0-BA96BD56C82A}.Debug|x86.Build.0 = Debug|Win32
		{3164DD84-4F43-4DDC-B4E0-BA96BD56C82A}.Release|x64.ActiveCfg = Release|x64
		{3164DD84-4F43-4DDC-B4E0-BA96BD56C82A}.Release|x64.Build.0 = Release|x64
		{3164DD84-4F43-4DDC-B4E0-BA96BD56C82A}.Release|x86.ActiveCfg = Release|Win32
		{3164DD84-4F43-4DDC-B4E0-BA96BD56C82A}.Release|x86.Build.0 = Release|Win32
	EndGlobalSection
	GlobalSection(SolutionProperties) = preSolution
		HideSolutionNode = FALSE
	EndGlobalSection
	GlobalSection(ExtensibilityGlobals) = postSolution
		SolutionGuid = {889123D3-07FC-4718-9A83-B688669B4F17}
	EndGlobalSection
EndGlobal
